
Microsoft Visual Studio Solution File, Format Version 12.00
# Visual Studio Version 17
VisualStudioVersion = 17.8.34330.188
MinimumVisualStudioVersion = 10.0.40219.1
Project("{FAE04EC0-301F-11D3-BF4B-00C04F79EFBC}") = "ExceptionHandling", "ExceptionHandling.csproj", "{EDC0BD65-A9F4-4371-B22A-E44EF7FB20CB}"
EndProject
Global
	GlobalSection(SolutionConfigurationPlatforms) = preSolution
		Debug|Any CPU = Debug|Any CPU
		Release|Any CPU = Release|Any CPU
	EndGlobalSection
	GlobalSection(ProjectConfigurationPlatforms) = postSolution
		{EDC0BD65-A9F4-4371-B22A-E44EF7FB20CB}.Debug|Any CPU.ActiveCfg = Debug|Any CPU
		{EDC0BD65-A9F4-4371-B22A-E44EF7FB20CB}.Debug|Any CPU.Build.0 = Debug|Any CPU
		{EDC0BD65-A9F4-4371-B22A-E44EF7FB20CB}.Release|Any CPU.ActiveCfg = Release|Any CPU
		{EDC0BD65-A9F4-4371-B22A-E44EF7FB20CB}.Release|Any CPU.Build.0 = Release|Any CPU
	EndGlobalSection
	GlobalSection(SolutionProperties) = preSolution
		HideSolutionNode = FALSE
	EndGlobalSection
	GlobalSection(ExtensibilityGlobals) = postSolution
		SolutionGuid = {58033F59-A249-4433-AA8E-9F3770C617E7}
	EndGlobalSection
EndGlobal
