
Microsoft Visual Studio Solution File, Format Version 12.00
# Visual Studio Version 17
VisualStudioVersion = 17.8.34330.188
MinimumVisualStudioVersion = 10.0.40219.1
Project("{FAE04EC0-301F-11D3-BF4B-00C04F79EFBC}") = "ExceptionHandling2", "ExceptionHandling2.csproj", "{67EA693E-E31E-473B-AA89-E9EF2C773C71}"
EndProject
Global
	GlobalSection(SolutionConfigurationPlatforms) = preSolution
		Debug|Any CPU = Debug|Any CPU
		Release|Any CPU = Release|Any CPU
	EndGlobalSection
	GlobalSection(ProjectConfigurationPlatforms) = postSolution
		{67EA693E-E31E-473B-AA89-E9EF2C773C71}.Debug|Any CPU.ActiveCfg = Debug|Any CPU
		{67EA693E-E31E-473B-AA89-E9EF2C773C71}.Debug|Any CPU.Build.0 = Debug|Any CPU
		{67EA693E-E31E-473B-AA89-E9EF2C773C71}.Release|Any CPU.ActiveCfg = Release|Any CPU
		{67EA693E-E31E-473B-AA89-E9EF2C773C71}.Release|Any CPU.Build.0 = Release|Any CPU
	EndGlobalSection
	GlobalSection(SolutionProperties) = preSolution
		HideSolutionNode = FALSE
	EndGlobalSection
	GlobalSection(ExtensibilityGlobals) = postSolution
		SolutionGuid = {56E81A64-4ADB-42CE-BD52-3FF8E3D30709}
	EndGlobalSection
EndGlobal
