
Microsoft Visual Studio Solution File, Format Version 12.00
# Visual Studio Version 17
VisualStudioVersion = 17.8.34330.188
MinimumVisualStudioVersion = 10.0.40219.1
Project("{FAE04EC0-301F-11D3-BF4B-00C04F79EFBC}") = "ExceptionHandling3", "ExceptionHandling3.csproj", "{46E6C9B7-2610-43F5-A875-46C57D2176F9}"
EndProject
Global
	GlobalSection(SolutionConfigurationPlatforms) = preSolution
		Debug|Any CPU = Debug|Any CPU
		Release|Any CPU = Release|Any CPU
	EndGlobalSection
	GlobalSection(ProjectConfigurationPlatforms) = postSolution
		{46E6C9B7-2610-43F5-A875-46C57D2176F9}.Debug|Any CPU.ActiveCfg = Debug|Any CPU
		{46E6C9B7-2610-43F5-A875-46C57D2176F9}.Debug|Any CPU.Build.0 = Debug|Any CPU
		{46E6C9B7-2610-43F5-A875-46C57D2176F9}.Release|Any CPU.ActiveCfg = Release|Any CPU
		{46E6C9B7-2610-43F5-A875-46C57D2176F9}.Release|Any CPU.Build.0 = Release|Any CPU
	EndGlobalSection
	GlobalSection(SolutionProperties) = preSolution
		HideSolutionNode = FALSE
	EndGlobalSection
	GlobalSection(ExtensibilityGlobals) = postSolution
		SolutionGuid = {7D5817C2-127D-4E5C-90D9-351B1D6E2331}
	EndGlobalSection
EndGlobal
